
Microsoft Visual Studio Solution File, Format Version 12.00
# Visual Studio Version 17
VisualStudioVersion = 17.3.32825.248
MinimumVisualStudioVersion = 10.0.40219.1
Project("{FAE04EC0-301F-11D3-BF4B-00C04F79EFBC}") = "laba4", "laba4\laba4.csproj", "{4D57590F-878F-47A3-B7E8-534D09202768}"
EndProject
Global
	GlobalSection(SolutionConfigurationPlatforms) = preSolution
		Debug|Any CPU = Debug|Any CPU
		Release|Any CPU = Release|Any CPU
	EndGlobalSection
	GlobalSection(ProjectConfigurationPlatforms) = postSolution
		{4D57590F-878F-47A3-B7E8-534D09202768}.Debug|Any CPU.ActiveCfg = Debug|Any CPU
		{4D57590F-878F-47A3-B7E8-534D09202768}.Debug|Any CPU.Build.0 = Debug|Any CPU
		{4D57590F-878F-47A3-B7E8-534D09202768}.Release|Any CPU.ActiveCfg = Release|Any CPU
		{4D57590F-878F-47A3-B7E8-534D09202768}.Release|Any CPU.Build.0 = Release|Any CPU
	EndGlobalSection
	GlobalSection(SolutionProperties) = preSolution
		HideSolutionNode = FALSE
	EndGlobalSection
	GlobalSection(ExtensibilityGlobals) = postSolution
		SolutionGuid = {4D2EF54D-DFE0-4C97-ADEB-D4EE3D1F8821}
	EndGlobalSection
EndGlobal
